
Microsoft Visual Studio Solution File, Format Version 12.00
# Visual Studio 2012
Project("{8BC9CEB8-8B4A-11D0-8D11-00A0C91BC942}") = "Lab10", "Lab10\Lab10.vcxproj", "{166FF4D9-F473-416C-9443-3EF6FDA73A45}"
EndProject
Global
	GlobalSection(SolutionConfigurationPlatforms) = preSolution
		Debug|Win32 = Debug|Win32
		Release|Win32 = Release|Win32
	EndGlobalSection
	GlobalSection(ProjectConfigurationPlatforms) = postSolution
		{166FF4D9-F473-416C-9443-3EF6FDA73A45}.Debug|Win32.ActiveCfg = Debug|Win32
		{166FF4D9-F473-416C-9443-3EF6FDA73A45}.Debug|Win32.Build.0 = Debug|Win32
		{166FF4D9-F473-416C-9443-3EF6FDA73A45}.Release|Win32.ActiveCfg = Release|Win32
		{166FF4D9-F473-416C-9443-3EF6FDA73A45}.Release|Win32.Build.0 = Release|Win32
	EndGlobalSection
	GlobalSection(SolutionProperties) = preSolution
		HideSolutionNode = FALSE
	EndGlobalSection
EndGlobal
