
Microsoft Visual Studio Solution File, Format Version 11.00
# Visual Studio 2010
Project("{8BC9CEB8-8B4A-11D0-8D11-00A0C91BC942}") = "Onorati_PA3", "Onorati_PA3\Onorati_PA3.vcxproj", "{DA073B21-AE5C-488E-844F-89B5D2F35AB0}"
EndProject
Global
	GlobalSection(SolutionConfigurationPlatforms) = preSolution
		Debug|Win32 = Debug|Win32
		Release|Win32 = Release|Win32
	EndGlobalSection
	GlobalSection(ProjectConfigurationPlatforms) = postSolution
		{DA073B21-AE5C-488E-844F-89B5D2F35AB0}.Debug|Win32.ActiveCfg = Debug|Win32
		{DA073B21-AE5C-488E-844F-89B5D2F35AB0}.Debug|Win32.Build.0 = Debug|Win32
		{DA073B21-AE5C-488E-844F-89B5D2F35AB0}.Release|Win32.ActiveCfg = Release|Win32
		{DA073B21-AE5C-488E-844F-89B5D2F35AB0}.Release|Win32.Build.0 = Release|Win32
	EndGlobalSection
	GlobalSection(SolutionProperties) = preSolution
		HideSolutionNode = FALSE
	EndGlobalSection
EndGlobal
